
Microsoft Visual Studio Solution File, Format Version 12.00
# Visual Studio Version 16
VisualStudioVersion = 16.0.32106.194
MinimumVisualStudioVersion = 10.0.40219.1
Project("{FAE04EC0-301F-11D3-BF4B-00C04F79EFBC}") = "deliverable", "deliverable.csproj", "{081A6CB5-A041-4A6F-891A-199A8FE84D21}"
EndProject
Global
	GlobalSection(SolutionConfigurationPlatforms) = preSolution
		Debug|Any CPU = Debug|Any CPU
		Release|Any CPU = Release|Any CPU
	EndGlobalSection
	GlobalSection(ProjectConfigurationPlatforms) = postSolution
		{081A6CB5-A041-4A6F-891A-199A8FE84D21}.Debug|Any CPU.ActiveCfg = Debug|Any CPU
		{081A6CB5-A041-4A6F-891A-199A8FE84D21}.Debug|Any CPU.Build.0 = Debug|Any CPU
		{081A6CB5-A041-4A6F-891A-199A8FE84D21}.Release|Any CPU.ActiveCfg = Release|Any CPU
		{081A6CB5-A041-4A6F-891A-199A8FE84D21}.Release|Any CPU.Build.0 = Release|Any CPU
	EndGlobalSection
	GlobalSection(SolutionProperties) = preSolution
		HideSolutionNode = FALSE
	EndGlobalSection
	GlobalSection(ExtensibilityGlobals) = postSolution
		SolutionGuid = {E8C839D6-44D5-4A0F-931B-F8AAA1DB8ABC}
	EndGlobalSection
EndGlobal
